lockfileVersion: '6.0'

devDependencies:
  preact:
    specifier: ^10.15.0
    version: 10.15.0
  typescript:
    specifier: ^5.0.4
    version: 5.0.4

packages:

  /preact@10.15.0:
    resolution: {integrity: sha512-nZSa8M2R2m1n7nJSBlzDpxRJaIsejrTO1vlFbdpFvyC8qM1iU+On2y0otfoUm6SRB5o0lF0CKDFxg6grEFU0iQ==}
    dev: true

  /typescript@5.0.4:
    resolution: {integrity: sha512-cW9T5W9xY37cc+jfEnaUvX91foxtHkza3Nw3wkoF4sSlKn0MONdkdEndig/qPBWXNkmplh3NzayQzCiHM4/hqw==}
    engines: {node: '>=12.20'}
    hasBin: true
    dev: true
